
Microsoft Visual Studio Solution File, Format Version 12.00
# Visual Studio Version 16
VisualStudioVersion = 16.0.30413.136
MinimumVisualStudioVersion = 10.0.40219.1
Project("{FAE04EC0-301F-11D3-BF4B-00C04F79EFBC}") = "ZarNet", "ZarNet\ZarNet.csproj", "{0A59ADB4-3066-4BE4-9AC6-5F0BC56930BA}"
EndProject
Global
	GlobalSection(SolutionConfigurationPlatforms) = preSolution
		Debug|Any CPU = Debug|Any CPU
		Release|Any CPU = Release|Any CPU
	EndGlobalSection
	GlobalSection(ProjectConfigurationPlatforms) = postSolution
		{0A59ADB4-3066-4BE4-9AC6-5F0BC56930BA}.Debug|Any CPU.ActiveCfg = Debug|Any CPU
		{0A59ADB4-3066-4BE4-9AC6-5F0BC56930BA}.Debug|Any CPU.Build.0 = Debug|Any CPU
		{0A59ADB4-3066-4BE4-9AC6-5F0BC56930BA}.Release|Any CPU.ActiveCfg = Release|Any CPU
		{0A59ADB4-3066-4BE4-9AC6-5F0BC56930BA}.Release|Any CPU.Build.0 = Release|Any CPU
	EndGlobalSection
	GlobalSection(SolutionProperties) = preSolution
		HideSolutionNode = FALSE
	EndGlobalSection
	GlobalSection(ExtensibilityGlobals) = postSolution
		SolutionGuid = {3CDD0E2D-45E3-4937-8E78-91EBC54939FA}
	EndGlobalSection
EndGlobal
